
Microsoft Visual Studio Solution File, Format Version 12.00
# Visual Studio Version 17
VisualStudioVersion = 17.5.33516.290
MinimumVisualStudioVersion = 10.0.40219.1
Project("{9A19103F-16F7-4668-BE54-9A1E7A4F7556}") = "Home1", "GitTest1\Home1.csproj", "{2B7AEF0A-2B68-4687-9214-36BF42CEE435}"
EndProject
Project("{FAE04EC0-301F-11D3-BF4B-00C04F79EFBC}") = "Home2", "Home2\Home2.csproj", "{09980078-02E5-43C3-AC60-80495A9280F6}"
EndProject
Global
	GlobalSection(SolutionConfigurationPlatforms) = preSolution
		Debug|Any CPU = Debug|Any CPU
		Release|Any CPU = Release|Any CPU
	EndGlobalSection
	GlobalSection(ProjectConfigurationPlatforms) = postSolution
		{2B7AEF0A-2B68-4687-9214-36BF42CEE435}.Debug|Any CPU.ActiveCfg = Debug|Any CPU
		{2B7AEF0A-2B68-4687-9214-36BF42CEE435}.Debug|Any CPU.Build.0 = Debug|Any CPU
		{2B7AEF0A-2B68-4687-9214-36BF42CEE435}.Release|Any CPU.ActiveCfg = Release|Any CPU
		{2B7AEF0A-2B68-4687-9214-36BF42CEE435}.Release|Any CPU.Build.0 = Release|Any CPU
		{09980078-02E5-43C3-AC60-80495A9280F6}.Debug|Any CPU.ActiveCfg = Debug|Any CPU
		{09980078-02E5-43C3-AC60-80495A9280F6}.Debug|Any CPU.Build.0 = Debug|Any CPU
		{09980078-02E5-43C3-AC60-80495A9280F6}.Release|Any CPU.ActiveCfg = Release|Any CPU
		{09980078-02E5-43C3-AC60-80495A9280F6}.Release|Any CPU.Build.0 = Release|Any CPU
	EndGlobalSection
	GlobalSection(SolutionProperties) = preSolution
		HideSolutionNode = FALSE
	EndGlobalSection
	GlobalSection(ExtensibilityGlobals) = postSolution
		SolutionGuid = {6EB70EC6-9340-4FF3-A0D4-38209BF08D73}
	EndGlobalSection
EndGlobal
